
Microsoft Visual Studio Solution File, Format Version 12.00
# Visual Studio Version 17
VisualStudioVersion = 17.12.35521.163
MinimumVisualStudioVersion = 10.0.40219.1
Project("{FAE04EC0-301F-11D3-BF4B-00C04F79EFBC}") = "GeoIpProject", "GeoIpProject.csproj", "{669C5572-B00E-451D-8D74-D938D2EEA4C8}"
EndProject
Project("{2150E333-8FDC-42A3-9474-1A3956D46DE8}") = "Code", "Code", "{A588837B-C579-4A04-B959-3B7B17514698}"
EndProject
Project("{2150E333-8FDC-42A3-9474-1A3956D46DE8}") = "1.Clients", "1.Clients", "{6568DDF0-C784-47D4-9DC4-CD36312A5AE5}"
EndProject
Project("{2150E333-8FDC-42A3-9474-1A3956D46DE8}") = "2.Services", "2.Services", "{DB43DA12-5129-4FB6-A217-7956328A9221}"
EndProject
Project("{FAE04EC0-301F-11D3-BF4B-00C04F79EFBC}") = "GeoIpProject.Clients", "code\GeoIpProject.Clients\GeoIpProject.Clients.csproj", "{2E908DE0-9449-4D61-BB55-DB69798013A5}"
EndProject
Project("{FAE04EC0-301F-11D3-BF4B-00C04F79EFBC}") = "GeoIpProject.Clients.Interfaces", "code\GeoIpProject.Clients.Interfaces\GeoIpProject.Clients.Interfaces.csproj", "{11E9037C-1E0B-4A8B-872A-0C562FD6EF50}"
EndProject
Project("{FAE04EC0-301F-11D3-BF4B-00C04F79EFBC}") = "GeoIpProject.Services", "code\GeoIpProject.Services\GeoIpProject.Services.csproj", "{7DD6FBC0-8B61-477C-A02B-B16EDB406E4D}"
EndProject
Project("{FAE04EC0-301F-11D3-BF4B-00C04F79EFBC}") = "GeoIpProject.Services.Intefaces", "code\GeoIpProject.Services.Intefaces\GeoIpProject.Services.Intefaces.csproj", "{D270451B-66C0-4A68-9EC3-64107DCA3F4A}"
EndProject
Project("{2150E333-8FDC-42A3-9474-1A3956D46DE8}") = "3.Features", "3.Features", "{A74DA354-581B-4F4C-8FD4-620969E9BB66}"
EndProject
Project("{FAE04EC0-301F-11D3-BF4B-00C04F79EFBC}") = "GeoIpProject.Api.Controllers", "code\GeoIpProject.Api.Controllers\GeoIpProject.Api.Controllers.csproj", "{10416CC3-F22F-475C-A3AA-B747E6452401}"
EndProject
Project("{FAE04EC0-301F-11D3-BF4B-00C04F79EFBC}") = "GeoIpProject.Api.Services", "code\GeoIpProject.Api.Services\GeoIpProject.Api.Services.csproj", "{85D113A1-4953-4D50-8F75-B02E551ED8EF}"
EndProject
Project("{FAE04EC0-301F-11D3-BF4B-00C04F79EFBC}") = "GeoIpProject.Api.Services.Interfaces", "code\GeoIpProject.Api.Services.Interfaces\GeoIpProject.Api.Services.Interfaces.csproj", "{5E3EDAE4-01C2-4CD6-ABDB-527E97F50E06}"
EndProject
Global
	GlobalSection(SolutionConfigurationPlatforms) = preSolution
		Debug|Any CPU = Debug|Any CPU
		Release|Any CPU = Release|Any CPU
	EndGlobalSection
	GlobalSection(ProjectConfigurationPlatforms) = postSolution
		{669C5572-B00E-451D-8D74-D938D2EEA4C8}.Debug|Any CPU.ActiveCfg = Debug|Any CPU
		{669C5572-B00E-451D-8D74-D938D2EEA4C8}.Debug|Any CPU.Build.0 = Debug|Any CPU
		{669C5572-B00E-451D-8D74-D938D2EEA4C8}.Release|Any CPU.ActiveCfg = Release|Any CPU
		{669C5572-B00E-451D-8D74-D938D2EEA4C8}.Release|Any CPU.Build.0 = Release|Any CPU
		{2E908DE0-9449-4D61-BB55-DB69798013A5}.Debug|Any CPU.ActiveCfg = Debug|Any CPU
		{2E908DE0-9449-4D61-BB55-DB69798013A5}.Debug|Any CPU.Build.0 = Debug|Any CPU
		{2E908DE0-9449-4D61-BB55-DB69798013A5}.Release|Any CPU.ActiveCfg = Release|Any CPU
		{2E908DE0-9449-4D61-BB55-DB69798013A5}.Release|Any CPU.Build.0 = Release|Any CPU
		{11E9037C-1E0B-4A8B-872A-0C562FD6EF50}.Debug|Any CPU.ActiveCfg = Debug|Any CPU
		{11E9037C-1E0B-4A8B-872A-0C562FD6EF50}.Debug|Any CPU.Build.0 = Debug|Any CPU
		{11E9037C-1E0B-4A8B-872A-0C562FD6EF50}.Release|Any CPU.ActiveCfg = Release|Any CPU
		{11E9037C-1E0B-4A8B-872A-0C562FD6EF50}.Release|Any CPU.Build.0 = Release|Any CPU
		{7DD6FBC0-8B61-477C-A02B-B16EDB406E4D}.Debug|Any CPU.ActiveCfg = Debug|Any CPU
		{7DD6FBC0-8B61-477C-A02B-B16EDB406E4D}.Debug|Any CPU.Build.0 = Debug|Any CPU
		{7DD6FBC0-8B61-477C-A02B-B16EDB406E4D}.Release|Any CPU.ActiveCfg = Release|Any CPU
		{7DD6FBC0-8B61-477C-A02B-B16EDB406E4D}.Release|Any CPU.Build.0 = Release|Any CPU
		{D270451B-66C0-4A68-9EC3-64107DCA3F4A}.Debug|Any CPU.ActiveCfg = Debug|Any CPU
		{D270451B-66C0-4A68-9EC3-64107DCA3F4A}.Debug|Any CPU.Build.0 = Debug|Any CPU
		{D270451B-66C0-4A68-9EC3-64107DCA3F4A}.Release|Any CPU.ActiveCfg = Release|Any CPU
		{D270451B-66C0-4A68-9EC3-64107DCA3F4A}.Release|Any CPU.Build.0 = Release|Any CPU
		{10416CC3-F22F-475C-A3AA-B747E6452401}.Debug|Any CPU.ActiveCfg = Debug|Any CPU
		{10416CC3-F22F-475C-A3AA-B747E6452401}.Debug|Any CPU.Build.0 = Debug|Any CPU
		{10416CC3-F22F-475C-A3AA-B747E6452401}.Release|Any CPU.ActiveCfg = Release|Any CPU
		{10416CC3-F22F-475C-A3AA-B747E6452401}.Release|Any CPU.Build.0 = Release|Any CPU
		{85D113A1-4953-4D50-8F75-B02E551ED8EF}.Debug|Any CPU.ActiveCfg = Debug|Any CPU
		{85D113A1-4953-4D50-8F75-B02E551ED8EF}.Debug|Any CPU.Build.0 = Debug|Any CPU
		{85D113A1-4953-4D50-8F75-B02E551ED8EF}.Release|Any CPU.ActiveCfg = Release|Any CPU
		{85D113A1-4953-4D50-8F75-B02E551ED8EF}.Release|Any CPU.Build.0 = Release|Any CPU
		{5E3EDAE4-01C2-4CD6-ABDB-527E97F50E06}.Debug|Any CPU.ActiveCfg = Debug|Any CPU
		{5E3EDAE4-01C2-4CD6-ABDB-527E97F50E06}.Debug|Any CPU.Build.0 = Debug|Any CPU
		{5E3EDAE4-01C2-4CD6-ABDB-527E97F50E06}.Release|Any CPU.ActiveCfg = Release|Any CPU
		{5E3EDAE4-01C2-4CD6-ABDB-527E97F50E06}.Release|Any CPU.Build.0 = Release|Any CPU
	EndGlobalSection
	GlobalSection(SolutionProperties) = preSolution
		HideSolutionNode = FALSE
	EndGlobalSection
	GlobalSection(NestedProjects) = preSolution
		{669C5572-B00E-451D-8D74-D938D2EEA4C8} = {A588837B-C579-4A04-B959-3B7B17514698}
		{6568DDF0-C784-47D4-9DC4-CD36312A5AE5} = {A588837B-C579-4A04-B959-3B7B17514698}
		{DB43DA12-5129-4FB6-A217-7956328A9221} = {A588837B-C579-4A04-B959-3B7B17514698}
		{2E908DE0-9449-4D61-BB55-DB69798013A5} = {6568DDF0-C784-47D4-9DC4-CD36312A5AE5}
		{11E9037C-1E0B-4A8B-872A-0C562FD6EF50} = {6568DDF0-C784-47D4-9DC4-CD36312A5AE5}
		{7DD6FBC0-8B61-477C-A02B-B16EDB406E4D} = {DB43DA12-5129-4FB6-A217-7956328A9221}
		{D270451B-66C0-4A68-9EC3-64107DCA3F4A} = {DB43DA12-5129-4FB6-A217-7956328A9221}
		{A74DA354-581B-4F4C-8FD4-620969E9BB66} = {A588837B-C579-4A04-B959-3B7B17514698}
		{10416CC3-F22F-475C-A3AA-B747E6452401} = {A74DA354-581B-4F4C-8FD4-620969E9BB66}
		{85D113A1-4953-4D50-8F75-B02E551ED8EF} = {A74DA354-581B-4F4C-8FD4-620969E9BB66}
		{5E3EDAE4-01C2-4CD6-ABDB-527E97F50E06} = {A74DA354-581B-4F4C-8FD4-620969E9BB66}
	EndGlobalSection
EndGlobal
